{
  "nodes": {
    "ferrix": {
      "locked": {
        "lastModified": 1761331410,
        "narHash": "sha256-NFmP5KQ7M0NKPuV6qqGlD7T9d/n9+hnaL0280lKNoPA=",
        "owner": "ryanccn",
        "repo": "ferrix",
        "rev": "c0fa128ca47c1c117a05b8f8f390ca42cfd3ebf8",
        "type": "github"
      },
      "original": {
        "owner": "ryanccn",
        "repo": "ferrix",
        "type": "github"
      }
    },
    "helix-master": {
      "inputs": {
        "nixpkgs": [
          "nixpkgs"
        ],
        "rust-overlay": "rust-overlay"
      },
      "locked": {
        "lastModified": 1790649139,
        "narHash": "sha256-ZjMduEHRsY0H8OHJ5oiF/AcxOBhIiCBwo7D+g1yYwKc=",
        "owner": "helix-editor",
        "repo": "helix",
        "rev": "ba40e547426b0f9896c8bdc699a4ab11f2b37dbc",
        "type": "github"
      },
      "original": {
        "owner": "helix-editor",
        "ref": "master",
        "repo": "helix",
        "type": "github"
      }
    },
    "home-manager": {
      "inputs": {
        "nixpkgs": [
          "nixpkgs"
        ]
      },
      "locked": {
        "lastModified": 1791163078,
        "narHash": "sha256-DiuwfdoZtEqVRsWuAhXcHa+cfvkr0t/xWW8ugkcxNyI=",
        "owner": "nix-community",
        "repo": "home-manager",
        "rev": "f53f3267f5d009dd8f99443505e609389d7ff267",
        "type": "github"
      },
      "original": {
        "owner": "nix-community",
        "repo": "home-manager",
        "type": "github"
      }
    },
    "nix-darwin": {
      "inputs": {
        "nixpkgs": [
          "nixpkgs"
        ]
      },
      "locked": {
        "lastModified": 1786845137,
        "narHash": "sha256-oQFip+v0luP8NIxJzmiW4Wu8bILsbFWom5l0zonl8hQ=",
        "owner": "nix-darwin",
        "repo": "nix-darwin",
        "rev": "4cff07de74b50e64bdd68cd4e722ab5b6b35ee48",
        "type": "github"
      },
      "original": {
        "owner": "nix-darwin",
        "repo": "nix-darwin",
        "type": "github"
      }
    },
    "nixpkgs": {
      "locked": {
        "lastModified": 1791011291,
        "narHash": "sha256-V6OBJccNKBo/ktknxlJXZChPoI0NE2lembArBO3CE9k=",
        "owner": "NixOS",
        "repo": "nixpkgs",
        "rev": "73e728ddb6b7a12d18808f510813a13ee1fe4cce",
        "type": "github"
      },
      "original": {
        "owner": "NixOS",
        "ref": "nixpkgs-unstable",
        "repo": "nixpkgs",
        "type": "github"
      }
    },
    "nyoom": {
      "inputs": {
        "ferrix": "ferrix",
        "nixpkgs": [
          "nixpkgs"
        ]
      },
      "locked": {
        "lastModified": 1771676081,
        "narHash": "sha256-XuNwRr749SGiz5QwsavvGp/nztCjeQV5CBE75KeftPU=",
        "owner": "ryanccn",
        "repo": "nyoom",
        "rev": "6c88a713115b1c04f69839c6e25354d3c7c74758",
        "type": "github"
      },
      "original": {
        "owner": "ryanccn",
        "repo": "nyoom",
        "type": "github"
      }
    },
    "root": {
      "inputs": {
        "helix-master": "helix-master",
        "home-manager": "home-manager",
        "nix-darwin": "nix-darwin",
        "nixpkgs": "nixpkgs",
        "nyoom": "nyoom"
      }
    },
    "rust-overlay": {
      "inputs": {
        "nixpkgs": [
          "helix-master",
          "nixpkgs"
        ]
      },
      "locked": {
        "lastModified": 1775358767,
        "narHash": "sha256-f2eC+WIfhjevCPQILuV08i/kmKZzYZpUvkom/33VxCA=",
        "owner": "oxalica",
        "repo": "rust-overlay",
        "rev": "20fd44bc663daa53a2575e01293e24e681d62244",
        "type": "github"
      },
      "original": {
        "owner": "oxalica",
        "repo": "rust-overlay",
        "type": "github"
      }
    }
  },
  "root": "root",
  "version": 7
}
